Microsoft Visual Studio Solution File, Format Version 12.00
# Visual Studio Version 17
VisualStudioVersion = 17.5.2.0
MinimumVisualStudioVersion = 10.0.40219.1
Project("{FAE04EC0-301F-11D3-BF4B-00C04F79EFBC}") = "KlarityMVP", "KlarityMVP.csproj", "{E573B404-2705-F40A-579A-9AD76D173FEC}"
EndProject
Global
	GlobalSection(SolutionConfigurationPlatforms) = preSolution
		Debug|Any CPU = Debug|Any CPU
		Release|Any CPU = Release|Any CPU
	EndGlobalSection
	GlobalSection(ProjectConfigurationPlatforms) = postSolution
		{E573B404-2705-F40A-579A-9AD76D173FEC}.Debug|Any CPU.ActiveCfg = Debug|Any CPU
		{E573B404-2705-F40A-579A-9AD76D173FEC}.Debug|Any CPU.Build.0 = Debug|Any CPU
		{E573B404-2705-F40A-579A-9AD76D173FEC}.Release|Any CPU.ActiveCfg = Release|Any CPU
		{E573B404-2705-F40A-579A-9AD76D173FEC}.Release|Any CPU.Build.0 = Release|Any CPU
	EndGlobalSection
	GlobalSection(SolutionProperties) = preSolution
		HideSolutionNode = FALSE
	EndGlobalSection
	GlobalSection(ExtensibilityGlobals) = postSolution
		SolutionGuid = {75D49330-B062-45EC-B0DA-D84C02823105}
	EndGlobalSection
EndGlobal
